
Microsoft Visual Studio Solution File, Format Version 12.00
# Visual Studio Version 16
VisualStudioVersion = 16.0.33027.164
MinimumVisualStudioVersion = 10.0.40219.1
Project("{FAE04EC0-301F-11D3-BF4B-00C04F79EFBC}") = "ExcelUpload_into_Employee", "ExcelUpload_into_Employee\ExcelUpload_into_Employee.csproj", "{E886DF5F-3A6A-4FB8-8B24-46BBD318F23F}"
EndProject
Project("{FAE04EC0-301F-11D3-BF4B-00C04F79EFBC}") = "EmployeeCrud_Using_Ajaxcall", "EmployeeCrud_Using_Ajaxcall\EmployeeCrud_Using_Ajaxcall.csproj", "{ADF2A5E7-57C8-4717-ADB9-016F3275A94B}"
EndProject
Global
	GlobalSection(SolutionConfigurationPlatforms) = preSolution
		Debug|Any CPU = Debug|Any CPU
		Release|Any CPU = Release|Any CPU
	EndGlobalSection
	GlobalSection(ProjectConfigurationPlatforms) = postSolution
		{E886DF5F-3A6A-4FB8-8B24-46BBD318F23F}.Debug|Any CPU.ActiveCfg = Debug|Any CPU
		{E886DF5F-3A6A-4FB8-8B24-46BBD318F23F}.Debug|Any CPU.Build.0 = Debug|Any CPU
		{E886DF5F-3A6A-4FB8-8B24-46BBD318F23F}.Release|Any CPU.ActiveCfg = Release|Any CPU
		{E886DF5F-3A6A-4FB8-8B24-46BBD318F23F}.Release|Any CPU.Build.0 = Release|Any CPU
		{ADF2A5E7-57C8-4717-ADB9-016F3275A94B}.Debug|Any CPU.ActiveCfg = Debug|Any CPU
		{ADF2A5E7-57C8-4717-ADB9-016F3275A94B}.Debug|Any CPU.Build.0 = Debug|Any CPU
		{ADF2A5E7-57C8-4717-ADB9-016F3275A94B}.Release|Any CPU.ActiveCfg = Release|Any CPU
		{ADF2A5E7-57C8-4717-ADB9-016F3275A94B}.Release|Any CPU.Build.0 = Release|Any CPU
	EndGlobalSection
	GlobalSection(SolutionProperties) = preSolution
		HideSolutionNode = FALSE
	EndGlobalSection
	GlobalSection(ExtensibilityGlobals) = postSolution
		SolutionGuid = {62BB1718-2B7E-4D12-8703-7B9E4AD4DD58}
	EndGlobalSection
EndGlobal
